
Microsoft Visual Studio Solution File, Format Version 12.00
# Visual Studio 15
VisualStudioVersion = 15.0.26124.0
MinimumVisualStudioVersion = 15.0.26124.0
Project("{2150E333-8FDC-42A3-9474-1A3956D46DE8}") = "src", "src", "{98A80CC5-1E57-42C6-9217-BF84F8B90367}"
EndProject
Project("{FAE04EC0-301F-11D3-BF4B-00C04F79EFBC}") = "Data", "src\Data\Data.csproj", "{62520EBF-6CF1-4822-A26D-D9C266B59A67}"
EndProject
Project("{FAE04EC0-301F-11D3-BF4B-00C04F79EFBC}") = "Console", "src\Console\Console.csproj", "{1F44DE6B-DC12-4704-9167-9729FA8906E6}"
EndProject
Global
	GlobalSection(SolutionConfigurationPlatforms) = preSolution
		Debug|Any CPU = Debug|Any CPU
		Debug|x64 = Debug|x64
		Debug|x86 = Debug|x86
		Release|Any CPU = Release|Any CPU
		Release|x64 = Release|x64
		Release|x86 = Release|x86
	EndGlobalSection
	GlobalSection(SolutionProperties) = preSolution
		HideSolutionNode = FALSE
	EndGlobalSection
	GlobalSection(ProjectConfigurationPlatforms) = postSolution
		{62520EBF-6CF1-4822-A26D-D9C266B59A67}.Debug|Any CPU.ActiveCfg = Debug|Any CPU
		{62520EBF-6CF1-4822-A26D-D9C266B59A67}.Debug|Any CPU.Build.0 = Debug|Any CPU
		{62520EBF-6CF1-4822-A26D-D9C266B59A67}.Debug|x64.ActiveCfg = Debug|Any CPU
		{62520EBF-6CF1-4822-A26D-D9C266B59A67}.Debug|x64.Build.0 = Debug|Any CPU
		{62520EBF-6CF1-4822-A26D-D9C266B59A67}.Debug|x86.ActiveCfg = Debug|Any CPU
		{62520EBF-6CF1-4822-A26D-D9C266B59A67}.Debug|x86.Build.0 = Debug|Any CPU
		{62520EBF-6CF1-4822-A26D-D9C266B59A67}.Release|Any CPU.ActiveCfg = Release|Any CPU
		{62520EBF-6CF1-4822-A26D-D9C266B59A67}.Release|Any CPU.Build.0 = Release|Any CPU
		{62520EBF-6CF1-4822-A26D-D9C266B59A67}.Release|x64.ActiveCfg = Release|Any CPU
		{62520EBF-6CF1-4822-A26D-D9C266B59A67}.Release|x64.Build.0 = Release|Any CPU
		{62520EBF-6CF1-4822-A26D-D9C266B59A67}.Release|x86.ActiveCfg = Release|Any CPU
		{62520EBF-6CF1-4822-A26D-D9C266B59A67}.Release|x86.Build.0 = Release|Any CPU
		{1F44DE6B-DC12-4704-9167-9729FA8906E6}.Debug|Any CPU.ActiveCfg = Debug|Any CPU
		{1F44DE6B-DC12-4704-9167-9729FA8906E6}.Debug|Any CPU.Build.0 = Debug|Any CPU
		{1F44DE6B-DC12-4704-9167-9729FA8906E6}.Debug|x64.ActiveCfg = Debug|Any CPU
		{1F44DE6B-DC12-4704-9167-9729FA8906E6}.Debug|x64.Build.0 = Debug|Any CPU
		{1F44DE6B-DC12-4704-9167-9729FA8906E6}.Debug|x86.ActiveCfg = Debug|Any CPU
		{1F44DE6B-DC12-4704-9167-9729FA8906E6}.Debug|x86.Build.0 = Debug|Any CPU
		{1F44DE6B-DC12-4704-9167-9729FA8906E6}.Release|Any CPU.ActiveCfg = Release|Any CPU
		{1F44DE6B-DC12-4704-9167-9729FA8906E6}.Release|Any CPU.Build.0 = Release|Any CPU
		{1F44DE6B-DC12-4704-9167-9729FA8906E6}.Release|x64.ActiveCfg = Release|Any CPU
		{1F44DE6B-DC12-4704-9167-9729FA8906E6}.Release|x64.Build.0 = Release|Any CPU
		{1F44DE6B-DC12-4704-9167-9729FA8906E6}.Release|x86.ActiveCfg = Release|Any CPU
		{1F44DE6B-DC12-4704-9167-9729FA8906E6}.Release|x86.Build.0 = Release|Any CPU
	EndGlobalSection
	GlobalSection(NestedProjects) = preSolution
		{62520EBF-6CF1-4822-A26D-D9C266B59A67} = {98A80CC5-1E57-42C6-9217-BF84F8B90367}
		{1F44DE6B-DC12-4704-9167-9729FA8906E6} = {98A80CC5-1E57-42C6-9217-BF84F8B90367}
	EndGlobalSection
EndGlobal
