
Microsoft Visual Studio Solution File, Format Version 12.00
# Visual Studio 15
VisualStudioVersion = 15.0.26124.0
MinimumVisualStudioVersion = 15.0.26124.0
Project("{2150E333-8FDC-42A3-9474-1A3956D46DE8}") = "src", "src", "{6860874C-BC39-4FFA-AA5D-153E5F207501}"
EndProject
Project("{FAE04EC0-301F-11D3-BF4B-00C04F79EFBC}") = "Data", "src\Data\Data.csproj", "{50CF3B41-FCEE-4840-83FA-2453CAC6FA34}"
EndProject
Project("{2150E333-8FDC-42A3-9474-1A3956D46DE8}") = "Providers", "Providers", "{EF0F5119-64B6-4345-A91E-BDA6D92A6FD3}"
EndProject
Project("{FAE04EC0-301F-11D3-BF4B-00C04F79EFBC}") = "MsSql", "src\Providers\MsSql\MsSql.csproj", "{23F45C57-AD0F-451B-A759-1EE6E525DE5F}"
EndProject
Project("{FAE04EC0-301F-11D3-BF4B-00C04F79EFBC}") = "MySql", "src\Providers\MySql\MySql.csproj", "{13C008DD-5657-410B-8694-7831B76D2793}"
EndProject
Project("{FAE04EC0-301F-11D3-BF4B-00C04F79EFBC}") = "tests", "tests\tests.csproj", "{5C13F72B-63C8-43F2-BA23-386443DB8487}"
EndProject
Global
	GlobalSection(SolutionConfigurationPlatforms) = preSolution
		Debug|Any CPU = Debug|Any CPU
		Debug|x64 = Debug|x64
		Debug|x86 = Debug|x86
		Release|Any CPU = Release|Any CPU
		Release|x64 = Release|x64
		Release|x86 = Release|x86
	EndGlobalSection
	GlobalSection(SolutionProperties) = preSolution
		HideSolutionNode = FALSE
	EndGlobalSection
	GlobalSection(ProjectConfigurationPlatforms) = postSolution
		{50CF3B41-FCEE-4840-83FA-2453CAC6FA34}.Debug|Any CPU.ActiveCfg = Debug|Any CPU
		{50CF3B41-FCEE-4840-83FA-2453CAC6FA34}.Debug|Any CPU.Build.0 = Debug|Any CPU
		{50CF3B41-FCEE-4840-83FA-2453CAC6FA34}.Debug|x64.ActiveCfg = Debug|Any CPU
		{50CF3B41-FCEE-4840-83FA-2453CAC6FA34}.Debug|x64.Build.0 = Debug|Any CPU
		{50CF3B41-FCEE-4840-83FA-2453CAC6FA34}.Debug|x86.ActiveCfg = Debug|Any CPU
		{50CF3B41-FCEE-4840-83FA-2453CAC6FA34}.Debug|x86.Build.0 = Debug|Any CPU
		{50CF3B41-FCEE-4840-83FA-2453CAC6FA34}.Release|Any CPU.ActiveCfg = Release|Any CPU
		{50CF3B41-FCEE-4840-83FA-2453CAC6FA34}.Release|Any CPU.Build.0 = Release|Any CPU
		{50CF3B41-FCEE-4840-83FA-2453CAC6FA34}.Release|x64.ActiveCfg = Release|Any CPU
		{50CF3B41-FCEE-4840-83FA-2453CAC6FA34}.Release|x64.Build.0 = Release|Any CPU
		{50CF3B41-FCEE-4840-83FA-2453CAC6FA34}.Release|x86.ActiveCfg = Release|Any CPU
		{50CF3B41-FCEE-4840-83FA-2453CAC6FA34}.Release|x86.Build.0 = Release|Any CPU
		{23F45C57-AD0F-451B-A759-1EE6E525DE5F}.Debug|Any CPU.ActiveCfg = Debug|Any CPU
		{23F45C57-AD0F-451B-A759-1EE6E525DE5F}.Debug|Any CPU.Build.0 = Debug|Any CPU
		{23F45C57-AD0F-451B-A759-1EE6E525DE5F}.Debug|x64.ActiveCfg = Debug|Any CPU
		{23F45C57-AD0F-451B-A759-1EE6E525DE5F}.Debug|x64.Build.0 = Debug|Any CPU
		{23F45C57-AD0F-451B-A759-1EE6E525DE5F}.Debug|x86.ActiveCfg = Debug|Any CPU
		{23F45C57-AD0F-451B-A759-1EE6E525DE5F}.Debug|x86.Build.0 = Debug|Any CPU
		{23F45C57-AD0F-451B-A759-1EE6E525DE5F}.Release|Any CPU.ActiveCfg = Release|Any CPU
		{23F45C57-AD0F-451B-A759-1EE6E525DE5F}.Release|Any CPU.Build.0 = Release|Any CPU
		{23F45C57-AD0F-451B-A759-1EE6E525DE5F}.Release|x64.ActiveCfg = Release|Any CPU
		{23F45C57-AD0F-451B-A759-1EE6E525DE5F}.Release|x64.Build.0 = Release|Any CPU
		{23F45C57-AD0F-451B-A759-1EE6E525DE5F}.Release|x86.ActiveCfg = Release|Any CPU
		{23F45C57-AD0F-451B-A759-1EE6E525DE5F}.Release|x86.Build.0 = Release|Any CPU
		{13C008DD-5657-410B-8694-7831B76D2793}.Debug|Any CPU.ActiveCfg = Debug|Any CPU
		{13C008DD-5657-410B-8694-7831B76D2793}.Debug|Any CPU.Build.0 = Debug|Any CPU
		{13C008DD-5657-410B-8694-7831B76D2793}.Debug|x64.ActiveCfg = Debug|Any CPU
		{13C008DD-5657-410B-8694-7831B76D2793}.Debug|x64.Build.0 = Debug|Any CPU
		{13C008DD-5657-410B-8694-7831B76D2793}.Debug|x86.ActiveCfg = Debug|Any CPU
		{13C008DD-5657-410B-8694-7831B76D2793}.Debug|x86.Build.0 = Debug|Any CPU
		{13C008DD-5657-410B-8694-7831B76D2793}.Release|Any CPU.ActiveCfg = Release|Any CPU
		{13C008DD-5657-410B-8694-7831B76D2793}.Release|Any CPU.Build.0 = Release|Any CPU
		{13C008DD-5657-410B-8694-7831B76D2793}.Release|x64.ActiveCfg = Release|Any CPU
		{13C008DD-5657-410B-8694-7831B76D2793}.Release|x64.Build.0 = Release|Any CPU
		{13C008DD-5657-410B-8694-7831B76D2793}.Release|x86.ActiveCfg = Release|Any CPU
		{13C008DD-5657-410B-8694-7831B76D2793}.Release|x86.Build.0 = Release|Any CPU
		{5C13F72B-63C8-43F2-BA23-386443DB8487}.Debug|Any CPU.ActiveCfg = Debug|Any CPU
		{5C13F72B-63C8-43F2-BA23-386443DB8487}.Debug|Any CPU.Build.0 = Debug|Any CPU
		{5C13F72B-63C8-43F2-BA23-386443DB8487}.Debug|x64.ActiveCfg = Debug|Any CPU
		{5C13F72B-63C8-43F2-BA23-386443DB8487}.Debug|x64.Build.0 = Debug|Any CPU
		{5C13F72B-63C8-43F2-BA23-386443DB8487}.Debug|x86.ActiveCfg = Debug|Any CPU
		{5C13F72B-63C8-43F2-BA23-386443DB8487}.Debug|x86.Build.0 = Debug|Any CPU
		{5C13F72B-63C8-43F2-BA23-386443DB8487}.Release|Any CPU.ActiveCfg = Release|Any CPU
		{5C13F72B-63C8-43F2-BA23-386443DB8487}.Release|Any CPU.Build.0 = Release|Any CPU
		{5C13F72B-63C8-43F2-BA23-386443DB8487}.Release|x64.ActiveCfg = Release|Any CPU
		{5C13F72B-63C8-43F2-BA23-386443DB8487}.Release|x64.Build.0 = Release|Any CPU
		{5C13F72B-63C8-43F2-BA23-386443DB8487}.Release|x86.ActiveCfg = Release|Any CPU
		{5C13F72B-63C8-43F2-BA23-386443DB8487}.Release|x86.Build.0 = Release|Any CPU
	EndGlobalSection
	GlobalSection(NestedProjects) = preSolution
		{50CF3B41-FCEE-4840-83FA-2453CAC6FA34} = {6860874C-BC39-4FFA-AA5D-153E5F207501}
		{EF0F5119-64B6-4345-A91E-BDA6D92A6FD3} = {6860874C-BC39-4FFA-AA5D-153E5F207501}
		{23F45C57-AD0F-451B-A759-1EE6E525DE5F} = {EF0F5119-64B6-4345-A91E-BDA6D92A6FD3}
		{13C008DD-5657-410B-8694-7831B76D2793} = {EF0F5119-64B6-4345-A91E-BDA6D92A6FD3}
	EndGlobalSection
EndGlobal
